{
  "nodes": {
    "nixlib": {
      "locked": {
        "lastModified": 1734829460,
        "narHash": "sha256-dPhc+f2wkmhMqMIfq+hColJdysgVxKP9ilZ5bR0NRZI=",
        "owner": "nix-community",
        "repo": "nixpkgs.lib",
        "rev": "0a31e8d833173ae63e43fd9dbff1ccf09c4f778c",
        "type": "github"
      },
      "original": {
        "owner": "nix-community",
        "repo": "nixpkgs.lib",
        "type": "github"
      }
    },
    "nixos-generators": {
      "inputs": {
        "nixlib": "nixlib",
        "nixpkgs": [
          "nixpkgs"
        ]
      },
      "locked": {
        "lastModified": 1734915500,
        "narHash": "sha256-A7CTIQ8SW0hfbhKlwK+vSsu4pD+Oaelw3v6goX6go+U=",
        "owner": "nix-community",
        "repo": "nixos-generators",
        "rev": "051d1b2dda3b2e81b38d82e2b691e5c2f4d335f4",
        "type": "github"
      },
      "original": {
        "owner": "nix-community",
        "repo": "nixos-generators",
        "type": "github"
      }
    },
    "nixpkgs": {
      "locked": {
        "lastModified": 1735531152,
        "narHash": "sha256-As8I+ebItDKtboWgDXYZSIjGlKeqiLBvjxsQHUmAf1Q=",
        "owner": "NixOS",
        "repo": "nixpkgs",
        "rev": "3ffbbdbac0566a0977da3d2657b89cbcfe9a173b",
        "type": "github"
      },
      "original": {
        "owner": "NixOS",
        "ref": "nixos-24.11",
        "repo": "nixpkgs",
        "type": "github"
      }
    },
    "root": {
      "inputs": {
        "nixos-generators": "nixos-generators",
        "nixpkgs": "nixpkgs"
      }
    }
  },
  "root": "root",
  "version": 7
}
