{
  "nodes": {
    "nixlib": {
      "locked": {
        "lastModified": 1636849918,
        "narHash": "sha256-nzUK6dPcTmNVrgTAC1EOybSMsrcx+QrVPyqRdyKLkjA=",
        "owner": "nix-community",
        "repo": "nixpkgs.lib",
        "rev": "28a5b0557f14124608db68d3ee1f77e9329e9dd5",
        "type": "github"
      },
      "original": {
        "owner": "nix-community",
        "repo": "nixpkgs.lib",
        "type": "github"
      }
    },
    "nixos-generators": {
      "inputs": {
        "nixlib": "nixlib",
        "nixpkgs": [
          "nixpkgs"
        ]
      },
      "locked": {
        "lastModified": 1653339081,
        "narHash": "sha256-dpim9Mtd57Yj6qt7p7UKwjWm6NnOU3S7jaEyEscSyPE=",
        "owner": "nix-community",
        "repo": "nixos-generators",
        "rev": "fb3ee0f618b8c80dea1239691b15dfeb4bb46331",
        "type": "github"
      },
      "original": {
        "owner": "nix-community",
        "repo": "nixos-generators",
        "type": "github"
      }
    },
    "nixpkgs": {
      "locked": {
        "lastModified": 1654012153,
        "narHash": "sha256-In+gfoH2Tnf/UmpzeuGlfuexU2EC4QIelBsm2zMK5AE=",
        "owner": "NixOS",
        "repo": "nixpkgs",
        "rev": "49a2bcc6e2065909c701f862f9a1a62b3082b40a",
        "type": "github"
      },
      "original": {
        "owner": "NixOS",
        "repo": "nixpkgs",
        "type": "github"
      }
    },
    "root": {
      "inputs": {
        "nixos-generators": "nixos-generators",
        "nixpkgs": "nixpkgs"
      }
    }
  },
  "root": "root",
  "version": 7
}
